
Microsoft Visual Studio Solution File, Format Version 12.00
# Visual Studio 15
VisualStudioVersion = 15.0.27428.2005
MinimumVisualStudioVersion = 10.0.40219.1
Project("{FAE04EC0-301F-11D3-BF4B-00C04F79EFBC}") = "radixSort", "radixSort\radixSort.csproj", "{35140267-2104-4723-B91D-D65C9E68EE6A}"
EndProject
Global
	GlobalSection(SolutionConfigurationPlatforms) = preSolution
		Debug|Any CPU = Debug|Any CPU
		Release|Any CPU = Release|Any CPU
	EndGlobalSection
	GlobalSection(ProjectConfigurationPlatforms) = postSolution
		{35140267-2104-4723-B91D-D65C9E68EE6A}.Debug|Any CPU.ActiveCfg = Debug|Any CPU
		{35140267-2104-4723-B91D-D65C9E68EE6A}.Debug|Any CPU.Build.0 = Debug|Any CPU
		{35140267-2104-4723-B91D-D65C9E68EE6A}.Release|Any CPU.ActiveCfg = Release|Any CPU
		{35140267-2104-4723-B91D-D65C9E68EE6A}.Release|Any CPU.Build.0 = Release|Any CPU
	EndGlobalSection
	GlobalSection(SolutionProperties) = preSolution
		HideSolutionNode = FALSE
	EndGlobalSection
	GlobalSection(ExtensibilityGlobals) = postSolution
		SolutionGuid = {A7C27CB3-5C50-4B6A-BDB1-741B1E9514D5}
	EndGlobalSection
EndGlobal
