
Microsoft Visual Studio Solution File, Format Version 12.00
# Visual Studio 15
VisualStudioVersion = 15.0.28307.421
MinimumVisualStudioVersion = 10.0.40219.1
Project("{FAE04EC0-301F-11D3-BF4B-00C04F79EFBC}") = "UnitTests", "UnitTests\UnitTests.csproj", "{5972F090-4626-4820-98FB-32ABEE0A325F}"
	ProjectSection(ProjectDependencies) = postProject
		{6850E173-EA39-4E46-BC9B-CB2FB6327B4F} = {6850E173-EA39-4E46-BC9B-CB2FB6327B4F}
	EndProjectSection
EndProject
Project("{FAE04EC0-301F-11D3-BF4B-00C04F79EFBC}") = "FixedPointApiTest", "FixedPointApiTest\FixedPointApiTest.csproj", "{A924546A-EC56-4E2F-AB9F-D95706FEC8F8}"
	ProjectSection(ProjectDependencies) = postProject
		{6850E173-EA39-4E46-BC9B-CB2FB6327B4F} = {6850E173-EA39-4E46-BC9B-CB2FB6327B4F}
	EndProjectSection
EndProject
Project("{FAE04EC0-301F-11D3-BF4B-00C04F79EFBC}") = "Benchmarky", "Benchmarky\Benchmarky.csproj", "{3CA6CAB2-7F2C-4DC8-B225-D537A2E94E65}"
	ProjectSection(ProjectDependencies) = postProject
		{6850E173-EA39-4E46-BC9B-CB2FB6327B4F} = {6850E173-EA39-4E46-BC9B-CB2FB6327B4F}
	EndProjectSection
EndProject
Project("{2150E333-8FDC-42A3-9474-1A3956D46DE8}") = "Solution Items", "Solution Items", "{1D99D593-434B-4AED-BD26-59A16B2690B1}"
EndProject
Project("{FAE04EC0-301F-11D3-BF4B-00C04F79EFBC}") = "Arithmetics", "Arithmetics\Arithmetics.csproj", "{6850E173-EA39-4E46-BC9B-CB2FB6327B4F}"
EndProject
Global
	GlobalSection(SolutionConfigurationPlatforms) = preSolution
		Debug|Any CPU = Debug|Any CPU
		Release|Any CPU = Release|Any CPU
	EndGlobalSection
	GlobalSection(ProjectConfigurationPlatforms) = postSolution
		{5972F090-4626-4820-98FB-32ABEE0A325F}.Debug|Any CPU.ActiveCfg = Debug|Any CPU
		{5972F090-4626-4820-98FB-32ABEE0A325F}.Debug|Any CPU.Build.0 = Debug|Any CPU
		{5972F090-4626-4820-98FB-32ABEE0A325F}.Release|Any CPU.ActiveCfg = Release|Any CPU
		{5972F090-4626-4820-98FB-32ABEE0A325F}.Release|Any CPU.Build.0 = Release|Any CPU
		{A924546A-EC56-4E2F-AB9F-D95706FEC8F8}.Debug|Any CPU.ActiveCfg = Debug|Any CPU
		{A924546A-EC56-4E2F-AB9F-D95706FEC8F8}.Debug|Any CPU.Build.0 = Debug|Any CPU
		{A924546A-EC56-4E2F-AB9F-D95706FEC8F8}.Release|Any CPU.ActiveCfg = Release|Any CPU
		{A924546A-EC56-4E2F-AB9F-D95706FEC8F8}.Release|Any CPU.Build.0 = Release|Any CPU
		{3CA6CAB2-7F2C-4DC8-B225-D537A2E94E65}.Debug|Any CPU.ActiveCfg = Debug|Any CPU
		{3CA6CAB2-7F2C-4DC8-B225-D537A2E94E65}.Debug|Any CPU.Build.0 = Debug|Any CPU
		{3CA6CAB2-7F2C-4DC8-B225-D537A2E94E65}.Release|Any CPU.ActiveCfg = Release|Any CPU
		{3CA6CAB2-7F2C-4DC8-B225-D537A2E94E65}.Release|Any CPU.Build.0 = Release|Any CPU
		{6850E173-EA39-4E46-BC9B-CB2FB6327B4F}.Debug|Any CPU.ActiveCfg = Debug|Any CPU
		{6850E173-EA39-4E46-BC9B-CB2FB6327B4F}.Debug|Any CPU.Build.0 = Debug|Any CPU
		{6850E173-EA39-4E46-BC9B-CB2FB6327B4F}.Release|Any CPU.ActiveCfg = Release|Any CPU
		{6850E173-EA39-4E46-BC9B-CB2FB6327B4F}.Release|Any CPU.Build.0 = Release|Any CPU
	EndGlobalSection
	GlobalSection(SolutionProperties) = preSolution
		HideSolutionNode = FALSE
	EndGlobalSection
	GlobalSection(ExtensibilityGlobals) = postSolution
		SolutionGuid = {FAD18260-A576-4B76-B78D-56664F1397B3}
	EndGlobalSection
EndGlobal
