
Microsoft Visual Studio Solution File, Format Version 12.00
# Visual Studio 15
VisualStudioVersion = 15.0.26430.15
MinimumVisualStudioVersion = 10.0.40219.1
Project("{FAE04EC0-301F-11D3-BF4B-00C04F79EFBC}") = "Maximum v posloupnosti (výskyty)", "Maximum v posloupnosti (výskyty)\Maximum v posloupnosti (výskyty).csproj", "{A5A6A8AD-F6A9-4B1E-B4A3-579C8ACBD819}"
EndProject
Global
	GlobalSection(SolutionConfigurationPlatforms) = preSolution
		Debug|Any CPU = Debug|Any CPU
		Release|Any CPU = Release|Any CPU
	EndGlobalSection
	GlobalSection(ProjectConfigurationPlatforms) = postSolution
		{A5A6A8AD-F6A9-4B1E-B4A3-579C8ACBD819}.Debug|Any CPU.ActiveCfg = Debug|Any CPU
		{A5A6A8AD-F6A9-4B1E-B4A3-579C8ACBD819}.Debug|Any CPU.Build.0 = Debug|Any CPU
		{A5A6A8AD-F6A9-4B1E-B4A3-579C8ACBD819}.Release|Any CPU.ActiveCfg = Release|Any CPU
		{A5A6A8AD-F6A9-4B1E-B4A3-579C8ACBD819}.Release|Any CPU.Build.0 = Release|Any CPU
	EndGlobalSection
	GlobalSection(SolutionProperties) = preSolution
		HideSolutionNode = FALSE
	EndGlobalSection
EndGlobal
