
Microsoft Visual Studio Solution File, Format Version 12.00
# Visual Studio 15
VisualStudioVersion = 15.0.27428.2005
MinimumVisualStudioVersion = 10.0.40219.1
Project("{FAE04EC0-301F-11D3-BF4B-00C04F79EFBC}") = "uzavorkovani dynamicly", "uzavorkovani dynamicly\uzavorkovani dynamicly.csproj", "{3F8CD27A-7730-4815-AA8B-70C1A00A8EEC}"
EndProject
Global
	GlobalSection(SolutionConfigurationPlatforms) = preSolution
		Debug|Any CPU = Debug|Any CPU
		Release|Any CPU = Release|Any CPU
	EndGlobalSection
	GlobalSection(ProjectConfigurationPlatforms) = postSolution
		{3F8CD27A-7730-4815-AA8B-70C1A00A8EEC}.Debug|Any CPU.ActiveCfg = Debug|Any CPU
		{3F8CD27A-7730-4815-AA8B-70C1A00A8EEC}.Debug|Any CPU.Build.0 = Debug|Any CPU
		{3F8CD27A-7730-4815-AA8B-70C1A00A8EEC}.Release|Any CPU.ActiveCfg = Release|Any CPU
		{3F8CD27A-7730-4815-AA8B-70C1A00A8EEC}.Release|Any CPU.Build.0 = Release|Any CPU
	EndGlobalSection
	GlobalSection(SolutionProperties) = preSolution
		HideSolutionNode = FALSE
	EndGlobalSection
	GlobalSection(ExtensibilityGlobals) = postSolution
		SolutionGuid = {64826333-9C15-4B55-A3FA-D1B6A8F55450}
	EndGlobalSection
EndGlobal
