
Microsoft Visual Studio Solution File, Format Version 12.00
# Visual Studio Version 16
VisualStudioVersion = 16.0.29001.49
MinimumVisualStudioVersion = 10.0.40219.1
Project("{FAE04EC0-301F-11D3-BF4B-00C04F79EFBC}") = "Requester", "Requester.csproj", "{CCF423E1-D0BD-4E04-AE5D-05D94079A12A}"
EndProject
Global
	GlobalSection(SolutionConfigurationPlatforms) = preSolution
		Debug|Any CPU = Debug|Any CPU
		Release|Any CPU = Release|Any CPU
	EndGlobalSection
	GlobalSection(ProjectConfigurationPlatforms) = postSolution
		{CCF423E1-D0BD-4E04-AE5D-05D94079A12A}.Debug|Any CPU.ActiveCfg = Debug|Any CPU
		{CCF423E1-D0BD-4E04-AE5D-05D94079A12A}.Debug|Any CPU.Build.0 = Debug|Any CPU
		{CCF423E1-D0BD-4E04-AE5D-05D94079A12A}.Release|Any CPU.ActiveCfg = Release|Any CPU
		{CCF423E1-D0BD-4E04-AE5D-05D94079A12A}.Release|Any CPU.Build.0 = Release|Any CPU
	EndGlobalSection
	GlobalSection(SolutionProperties) = preSolution
		HideSolutionNode = FALSE
	EndGlobalSection
	GlobalSection(ExtensibilityGlobals) = postSolution
		SolutionGuid = {48906459-B02C-451A-91C7-CA092FE5D4E0}
	EndGlobalSection
EndGlobal
