
Microsoft Visual Studio Solution File, Format Version 12.00
# Visual Studio 15
VisualStudioVersion = 15.0.28010.2048
MinimumVisualStudioVersion = 10.0.40219.1
Project("{FAE04EC0-301F-11D3-BF4B-00C04F79EFBC}") = "huffman", "huffman\huffman.csproj", "{22338B36-54D2-4710-AFB4-30C6F168DE4B}"
EndProject
Global
	GlobalSection(SolutionConfigurationPlatforms) = preSolution
		Debug|Any CPU = Debug|Any CPU
		Release|Any CPU = Release|Any CPU
	EndGlobalSection
	GlobalSection(ProjectConfigurationPlatforms) = postSolution
		{22338B36-54D2-4710-AFB4-30C6F168DE4B}.Debug|Any CPU.ActiveCfg = Debug|Any CPU
		{22338B36-54D2-4710-AFB4-30C6F168DE4B}.Debug|Any CPU.Build.0 = Debug|Any CPU
		{22338B36-54D2-4710-AFB4-30C6F168DE4B}.Release|Any CPU.ActiveCfg = Release|Any CPU
		{22338B36-54D2-4710-AFB4-30C6F168DE4B}.Release|Any CPU.Build.0 = Release|Any CPU
	EndGlobalSection
	GlobalSection(SolutionProperties) = preSolution
		HideSolutionNode = FALSE
	EndGlobalSection
	GlobalSection(ExtensibilityGlobals) = postSolution
		SolutionGuid = {69E785F1-13A4-4A1E-BF1B-38CAE911756B}
	EndGlobalSection
EndGlobal
