
Microsoft Visual Studio Solution File, Format Version 12.00
# Visual Studio 15
VisualStudioVersion = 15.0.27428.2005
MinimumVisualStudioVersion = 10.0.40219.1
Project("{FAE04EC0-301F-11D3-BF4B-00C04F79EFBC}") = "editacni vzdalenost retezcu", "editacni vzdalenost retezcu\editacni vzdalenost retezcu.csproj", "{0A88E1BE-437D-490A-BD88-AB13297F8679}"
EndProject
Global
	GlobalSection(SolutionConfigurationPlatforms) = preSolution
		Debug|Any CPU = Debug|Any CPU
		Release|Any CPU = Release|Any CPU
	EndGlobalSection
	GlobalSection(ProjectConfigurationPlatforms) = postSolution
		{0A88E1BE-437D-490A-BD88-AB13297F8679}.Debug|Any CPU.ActiveCfg = Debug|Any CPU
		{0A88E1BE-437D-490A-BD88-AB13297F8679}.Debug|Any CPU.Build.0 = Debug|Any CPU
		{0A88E1BE-437D-490A-BD88-AB13297F8679}.Release|Any CPU.ActiveCfg = Release|Any CPU
		{0A88E1BE-437D-490A-BD88-AB13297F8679}.Release|Any CPU.Build.0 = Release|Any CPU
	EndGlobalSection
	GlobalSection(SolutionProperties) = preSolution
		HideSolutionNode = FALSE
	EndGlobalSection
	GlobalSection(ExtensibilityGlobals) = postSolution
		SolutionGuid = {993119B2-DA64-4D80-AD97-471E6A6B4C34}
	EndGlobalSection
EndGlobal
