
Microsoft Visual Studio Solution File, Format Version 12.00
# Visual Studio 14
VisualStudioVersion = 14.0.25420.1
MinimumVisualStudioVersion = 10.0.40219.1
Project("{FAE04EC0-301F-11D3-BF4B-00C04F79EFBC}") = "first", "first\first.csproj", "{FA47E658-5214-4E9E-B38F-4C95F71525C2}"
EndProject
Global
	GlobalSection(SolutionConfigurationPlatforms) = preSolution
		Debug|Any CPU = Debug|Any CPU
		Release|Any CPU = Release|Any CPU
	EndGlobalSection
	GlobalSection(ProjectConfigurationPlatforms) = postSolution
		{FA47E658-5214-4E9E-B38F-4C95F71525C2}.Debug|Any CPU.ActiveCfg = Debug|Any CPU
		{FA47E658-5214-4E9E-B38F-4C95F71525C2}.Debug|Any CPU.Build.0 = Debug|Any CPU
		{FA47E658-5214-4E9E-B38F-4C95F71525C2}.Release|Any CPU.ActiveCfg = Release|Any CPU
		{FA47E658-5214-4E9E-B38F-4C95F71525C2}.Release|Any CPU.Build.0 = Release|Any CPU
	EndGlobalSection
	GlobalSection(SolutionProperties) = preSolution
		HideSolutionNode = FALSE
	EndGlobalSection
EndGlobal
