
Microsoft Visual Studio Solution File, Format Version 12.00
# Visual Studio 15
VisualStudioVersion = 15.0.28307.421
MinimumVisualStudioVersion = 10.0.40219.1
Project("{FAE04EC0-301F-11D3-BF4B-00C04F79EFBC}") = "floatingPoint", "floatingPoint\floatingPoint.csproj", "{6850E173-EA39-4E46-BC9B-CB2FB6327B4F}"
EndProject
Global
	GlobalSection(SolutionConfigurationPlatforms) = preSolution
		Debug|Any CPU = Debug|Any CPU
		Release|Any CPU = Release|Any CPU
	EndGlobalSection
	GlobalSection(ProjectConfigurationPlatforms) = postSolution
		{6850E173-EA39-4E46-BC9B-CB2FB6327B4F}.Debug|Any CPU.ActiveCfg = Debug|Any CPU
		{6850E173-EA39-4E46-BC9B-CB2FB6327B4F}.Debug|Any CPU.Build.0 = Debug|Any CPU
		{6850E173-EA39-4E46-BC9B-CB2FB6327B4F}.Release|Any CPU.ActiveCfg = Release|Any CPU
		{6850E173-EA39-4E46-BC9B-CB2FB6327B4F}.Release|Any CPU.Build.0 = Release|Any CPU
	EndGlobalSection
	GlobalSection(SolutionProperties) = preSolution
		HideSolutionNode = FALSE
	EndGlobalSection
	GlobalSection(ExtensibilityGlobals) = postSolution
		SolutionGuid = {FAD18260-A576-4B76-B78D-56664F1397B3}
	EndGlobalSection
EndGlobal
