
Microsoft Visual Studio Solution File, Format Version 12.00
# Visual Studio 15
VisualStudioVersion = 15.0.28307.489
MinimumVisualStudioVersion = 10.0.40219.1
Project("{FAE04EC0-301F-11D3-BF4B-00C04F79EFBC}") = "dequeT", "dequeT\dequeT.csproj", "{5A3793AE-E233-4473-98F1-4B0702A47462}"
EndProject
Project("{FAE04EC0-301F-11D3-BF4B-00C04F79EFBC}") = "dequeTTests", "dequeTTests\dequeTTests.csproj", "{4DBC4B7B-B198-4FCE-861D-2917DCC5009B}"
EndProject
Project("{FAE04EC0-301F-11D3-BF4B-00C04F79EFBC}") = "mianen", "mianen\mianen.csproj", "{6F564901-AF15-43EA-99D7-DB2F8C5B4D7F}"
EndProject
Global
	GlobalSection(SolutionConfigurationPlatforms) = preSolution
		Debug|Any CPU = Debug|Any CPU
		Release|Any CPU = Release|Any CPU
	EndGlobalSection
	GlobalSection(ProjectConfigurationPlatforms) = postSolution
		{5A3793AE-E233-4473-98F1-4B0702A47462}.Debug|Any CPU.ActiveCfg = Debug|Any CPU
		{5A3793AE-E233-4473-98F1-4B0702A47462}.Debug|Any CPU.Build.0 = Debug|Any CPU
		{5A3793AE-E233-4473-98F1-4B0702A47462}.Release|Any CPU.ActiveCfg = Release|Any CPU
		{5A3793AE-E233-4473-98F1-4B0702A47462}.Release|Any CPU.Build.0 = Release|Any CPU
		{4DBC4B7B-B198-4FCE-861D-2917DCC5009B}.Debug|Any CPU.ActiveCfg = Debug|Any CPU
		{4DBC4B7B-B198-4FCE-861D-2917DCC5009B}.Debug|Any CPU.Build.0 = Debug|Any CPU
		{4DBC4B7B-B198-4FCE-861D-2917DCC5009B}.Release|Any CPU.ActiveCfg = Release|Any CPU
		{4DBC4B7B-B198-4FCE-861D-2917DCC5009B}.Release|Any CPU.Build.0 = Release|Any CPU
		{6F564901-AF15-43EA-99D7-DB2F8C5B4D7F}.Debug|Any CPU.ActiveCfg = Debug|Any CPU
		{6F564901-AF15-43EA-99D7-DB2F8C5B4D7F}.Debug|Any CPU.Build.0 = Debug|Any CPU
		{6F564901-AF15-43EA-99D7-DB2F8C5B4D7F}.Release|Any CPU.ActiveCfg = Release|Any CPU
		{6F564901-AF15-43EA-99D7-DB2F8C5B4D7F}.Release|Any CPU.Build.0 = Release|Any CPU
	EndGlobalSection
	GlobalSection(SolutionProperties) = preSolution
		HideSolutionNode = FALSE
	EndGlobalSection
	GlobalSection(ExtensibilityGlobals) = postSolution
		SolutionGuid = {B61B167B-14EB-4910-A4F5-96BD07B052C9}
	EndGlobalSection
EndGlobal
