
Microsoft Visual Studio Solution File, Format Version 12.00
# Visual Studio 15
VisualStudioVersion = 15.0.28010.2048
MinimumVisualStudioVersion = 10.0.40219.1
Project("{FAE04EC0-301F-11D3-BF4B-00C04F79EFBC}") = "excel", "excel\excel.csproj", "{A8421126-68F5-4E5C-8167-4375FB9E536F}"
EndProject
Project("{FAE04EC0-301F-11D3-BF4B-00C04F79EFBC}") = "excelTests", "excelTests\excelTests.csproj", "{7E8A4A6F-13B2-4F16-A229-A50674462B12}"
EndProject
Global
	GlobalSection(SolutionConfigurationPlatforms) = preSolution
		Debug|Any CPU = Debug|Any CPU
		Release|Any CPU = Release|Any CPU
	EndGlobalSection
	GlobalSection(ProjectConfigurationPlatforms) = postSolution
		{A8421126-68F5-4E5C-8167-4375FB9E536F}.Debug|Any CPU.ActiveCfg = Debug|Any CPU
		{A8421126-68F5-4E5C-8167-4375FB9E536F}.Debug|Any CPU.Build.0 = Debug|Any CPU
		{A8421126-68F5-4E5C-8167-4375FB9E536F}.Release|Any CPU.ActiveCfg = Release|Any CPU
		{A8421126-68F5-4E5C-8167-4375FB9E536F}.Release|Any CPU.Build.0 = Release|Any CPU
		{7E8A4A6F-13B2-4F16-A229-A50674462B12}.Debug|Any CPU.ActiveCfg = Debug|Any CPU
		{7E8A4A6F-13B2-4F16-A229-A50674462B12}.Debug|Any CPU.Build.0 = Debug|Any CPU
		{7E8A4A6F-13B2-4F16-A229-A50674462B12}.Release|Any CPU.ActiveCfg = Release|Any CPU
		{7E8A4A6F-13B2-4F16-A229-A50674462B12}.Release|Any CPU.Build.0 = Release|Any CPU
	EndGlobalSection
	GlobalSection(SolutionProperties) = preSolution
		HideSolutionNode = FALSE
	EndGlobalSection
	GlobalSection(ExtensibilityGlobals) = postSolution
		SolutionGuid = {3725F4C1-4D6D-4B4C-B9E5-EEE53CFEDC24}
	EndGlobalSection
EndGlobal
