<?xml version="1.0" encoding="utf-8"?>
<Project ToolsVersion="16.0" xmlns="http://schemas.microsoft.com/developer/msbuild/2003">
  <ItemGroup>
    <ClCompile Include="C:\Users\Nogare\Downloads\ncine\ncPong\pong.cpp">
      <Filter>Source Files</Filter>
    </ClCompile>
    <ClCompile Include="C:\Users\Nogare\Downloads\ncine\ncPong-build\generated\version.cpp">
      <Filter>Source Files</Filter>
    </ClCompile>
    <ClCompile Include="AStar.cpp">
      <Filter>Source Files</Filter>
    </ClCompile>
  </ItemGroup>
  <ItemGroup>
    <ClInclude Include="C:\Users\Nogare\Downloads\ncine\ncPong\pong.h">
      <Filter>Header Files</Filter>
    </ClInclude>
    <ClInclude Include="Problem.h">
      <Filter>Header Files</Filter>
    </ClInclude>
    <ClInclude Include="AStar.h">
      <Filter>Header Files</Filter>
    </ClInclude>
    <ClInclude Include="Solution.h">
      <Filter>Header Files</Filter>
    </ClInclude>
    <ClInclude Include="PongGameState.h">
      <Filter>Header Files</Filter>
    </ClInclude>
    <ClInclude Include="Node.h">
      <Filter>Header Files</Filter>
    </ClInclude>
  </ItemGroup>
  <ItemGroup>
    <CustomBuild Include="C:\Users\Nogare\Downloads\ncine\ncPong\CMakeLists.txt" />
  </ItemGroup>
  <ItemGroup>
    <ResourceCompile Include="C:\Users\Nogare\Downloads\ncine\ncPong-build\generated\resource.rc">
      <Filter>Source Files</Filter>
    </ResourceCompile>
    <ResourceCompile Include="C:\Users\Nogare\Downloads\ncine\ncPong-build\generated\version.rc">
      <Filter>Source Files</Filter>
    </ResourceCompile>
  </ItemGroup>
  <ItemGroup>
    <Filter Include="Header Files">
      <UniqueIdentifier>{B455C426-2869-3346-9B7D-4615FB23B458}</UniqueIdentifier>
    </Filter>
    <Filter Include="Source Files">
      <UniqueIdentifier>{172334C8-03CE-3767-9CF1-95A2D57E8D37}</UniqueIdentifier>
    </Filter>
  </ItemGroup>
</Project>