
Microsoft Visual Studio Solution File, Format Version 12.00
# Visual Studio 15
VisualStudioVersion = 15.0.27130.2027
MinimumVisualStudioVersion = 10.0.40219.1
Project("{FAE04EC0-301F-11D3-BF4B-00C04F79EFBC}") = "deleni", "deleni\deleni.csproj", "{3B43D392-D4DD-47D6-9377-8BBBF674A385}"
EndProject
Global
	GlobalSection(SolutionConfigurationPlatforms) = preSolution
		Debug|Any CPU = Debug|Any CPU
		Release|Any CPU = Release|Any CPU
	EndGlobalSection
	GlobalSection(ProjectConfigurationPlatforms) = postSolution
		{3B43D392-D4DD-47D6-9377-8BBBF674A385}.Debug|Any CPU.ActiveCfg = Debug|Any CPU
		{3B43D392-D4DD-47D6-9377-8BBBF674A385}.Debug|Any CPU.Build.0 = Debug|Any CPU
		{3B43D392-D4DD-47D6-9377-8BBBF674A385}.Release|Any CPU.ActiveCfg = Release|Any CPU
		{3B43D392-D4DD-47D6-9377-8BBBF674A385}.Release|Any CPU.Build.0 = Release|Any CPU
	EndGlobalSection
	GlobalSection(SolutionProperties) = preSolution
		HideSolutionNode = FALSE
	EndGlobalSection
	GlobalSection(ExtensibilityGlobals) = postSolution
		SolutionGuid = {4F7363AF-65B7-4D8E-B1C8-9F511BCC67F1}
	EndGlobalSection
EndGlobal
